
Microsoft Visual Studio Solution File, Format Version 12.00
# Visual Studio Version 17
VisualStudioVersion = 17.14.36511.14 d17.14
MinimumVisualStudioVersion = 10.0.40219.1
Project("{FAE04EC0-301F-11D3-BF4B-00C04F79EFBC}") = "BackpackApp", "BackpackApp\BackpackApp.csproj", "{D49B3959-E911-43E3-AB65-EDA21AFD67B4}"
EndProject
Global
	GlobalSection(SolutionConfigurationPlatforms) = preSolution
		Debug|Any CPU = Debug|Any CPU
		Release|Any CPU = Release|Any CPU
	EndGlobalSection
	GlobalSection(ProjectConfigurationPlatforms) = postSolution
		{D49B3959-E911-43E3-AB65-EDA21AFD67B4}.Debug|Any CPU.ActiveCfg = Debug|Any CPU
		{D49B3959-E911-43E3-AB65-EDA21AFD67B4}.Debug|Any CPU.Build.0 = Debug|Any CPU
		{D49B3959-E911-43E3-AB65-EDA21AFD67B4}.Release|Any CPU.ActiveCfg = Release|Any CPU
		{D49B3959-E911-43E3-AB65-EDA21AFD67B4}.Release|Any CPU.Build.0 = Release|Any CPU
	EndGlobalSection
	GlobalSection(SolutionProperties) = preSolution
		HideSolutionNode = FALSE
	EndGlobalSection
	GlobalSection(ExtensibilityGlobals) = postSolution
		SolutionGuid = {2D6E23DC-676B-434A-BBF0-A3B5B5CC4989}
	EndGlobalSection
EndGlobal
